
Microsoft Visual Studio Solution File, Format Version 12.00
# Visual Studio Version 16
VisualStudioVersion = 16.0.31727.386
MinimumVisualStudioVersion = 10.0.40219.1
Project("{FAE04EC0-301F-11D3-BF4B-00C04F79EFBC}") = "StudentAdminPortalAPI", "StudentAdminPortalAPI\StudentAdminPortalAPI.csproj", "{92AB4904-DBB2-414D-AECB-219B87D56737}"
EndProject
Global
	GlobalSection(SolutionConfigurationPlatforms) = preSolution
		Debug|Any CPU = Debug|Any CPU
		Release|Any CPU = Release|Any CPU
	EndGlobalSection
	GlobalSection(ProjectConfigurationPlatforms) = postSolution
		{92AB4904-DBB2-414D-AECB-219B87D56737}.Debug|Any CPU.ActiveCfg = Debug|Any CPU
		{92AB4904-DBB2-414D-AECB-219B87D56737}.Debug|Any CPU.Build.0 = Debug|Any CPU
		{92AB4904-DBB2-414D-AECB-219B87D56737}.Release|Any CPU.ActiveCfg = Release|Any CPU
		{92AB4904-DBB2-414D-AECB-219B87D56737}.Release|Any CPU.Build.0 = Release|Any CPU
	EndGlobalSection
	GlobalSection(SolutionProperties) = preSolution
		HideSolutionNode = FALSE
	EndGlobalSection
	GlobalSection(ExtensibilityGlobals) = postSolution
		SolutionGuid = {C30CDC23-2DCA-4A71-86E2-1A9B532B5E5B}
	EndGlobalSection
EndGlobal
